// !$*UTF8*$!
{
	archiveVersion = 1;
	classes = {
	};
	objectVersion = 50;
	objects = {

/* Begin PBXBuildFile section */
		E863C7392525A5870007AE4C /* AppDelegate.swift in Sources */ = {isa = PBXBuildFile; fileRef = E863C7382525A5870007AE4C /* AppDelegate.swift */; };
		E863C73B2525A5870007AE4C /* SceneDelegate.swift in Sources */ = {isa = PBXBuildFile; fileRef = E863C73A2525A5870007AE4C /* SceneDelegate.swift */; };
		E863C73D2525A5870007AE4C /* ViewController.swift in Sources */ = {isa = PBXBuildFile; fileRef = E863C73C2525A5870007AE4C /* ViewController.swift */; };
		E863C7402525A5870007AE4C /* Main.storyboard in Resources */ = {isa = PBXBuildFile; fileRef = E863C73E2525A5870007AE4C /* Main.storyboard */; };
		E863C7422525A58C0007AE4C /* Assets.xcassets in Resources */ = {isa = PBXBuildFile; fileRef = E863C7412525A58C0007AE4C /* Assets.xcassets */; };
		E863C7452525A58C0007AE4C /* LaunchScreen.storyboard in Resources */ = {isa = PBXBuildFile; fileRef = E863C7432525A58C0007AE4C /* LaunchScreen.storyboard */; };
		E863C7502525A58C0007AE4C /* InstagramTests.swift in Sources */ = {isa = PBXBuildFile; fileRef = E863C74F2525A58C0007AE4C /* InstagramTests.swift */; };
		E863C75B2525A58C0007AE4C /* InstagramUITests.swift in Sources */ = {isa = PBXBuildFile; fileRef = E863C75A2525A58C0007AE4C /* InstagramUITests.swift */; };
/* End PBXBuildFile section */

/* Begin PBXContainerItemProxy section */
		E863C74C2525A58C0007AE4C /* PBXContainerItemProxy */ = {
			isa = PBXContainerItemProxy;
			containerPortal = E863C72D2525A5870007AE4C /* Project object */;
			proxyType = 1;
			remoteGlobalIDString = E863C7342525A5870007AE4C;
			remoteInfo = Instagram;
		};
		E863C7572525A58C0007AE4C /* PBXContainerItemProxy */ = {
			isa = PBXContainerItemProxy;
			containerPortal = E863C72D2525A5870007AE4C /* Project object */;
			proxyType = 1;
			remoteGlobalIDString = E863C7342525A5870007AE4C;
			remoteInfo = Instagram;
		};
/* End PBXContainerItemProxy section */

/* Begin PBXFileReference section */
		E863C7352525A5870007AE4C /* Instagram.app */ = {isa = PBXFileReference; explicitFileType = wrapper.application; includeInIndex = 0; path = Instagram.app; sourceTree = BUILT_PRODUCTS_DIR; };
		E863C7382525A5870007AE4C /* AppDelegate.swift */ = {isa = PBXFileReference; lastKnownFileType = sourcecode.swift; path = AppDelegate.swift; sourceTree = "<group>"; };
		E863C73A2525A5870007AE4C /* SceneDelegate.swift */ = {isa = PBXFileReference; lastKnownFileType = sourcecode.swift; path = SceneDelegate.swift; sourceTree = "<group>"; };
		E863C73C2525A5870007AE4C /* ViewController.swift */ = {isa = PBXFileReference; lastKnownFileType = sourcecode.swift; path = ViewController.swift; sourceTree = "<group>"; };
		E863C73F2525A5870007AE4C /* Base */ = {isa = PBXFileReference; lastKnownFileType = file.storyboard; name = Base; path = Base.lproj/Main.storyboard; sourceTree = "<group>"; };
		E863C7412525A58C0007AE4C /* Assets.xcassets */ = {isa = PBXFileReference; lastKnownFileType = folder.assetcatalog; path = Assets.xcassets; sourceTree = "<group>"; };
		E863C7442525A58C0007AE4C /* Base */ = {isa = PBXFileReference; lastKnownFileType = file.storyboard; name = Base; path = Base.lproj/LaunchScreen.storyboard; sourceTree = "<group>"; };
		E863C7462525A58C0007AE4C /* Info.plist */ = {isa = PBXFileReference; lastKnownFileType = text.plist.xml; path = Info.plist; sourceTree = "<group>"; };
		E863C74B2525A58C0007AE4C /* InstagramTests.xctest */ = {isa = PBXFileReference; explicitFileType = wrapper.cfbundle; includeInIndex = 0; path = InstagramTests.xctest; sourceTree = BUILT_PRODUCTS_DIR; };
		E863C74F2525A58C0007AE4C /* InstagramTests.swift */ = {isa = PBXFileReference; lastKnownFileType = sourcecode.swift; path = InstagramTests.swift; sourceTree = "<group>"; };
		E863C7512525A58C0007AE4C /* Info.plist */ = {isa = PBXFileReference; lastKnownFileType = text.plist.xml; path = Info.plist; sourceTree = "<group>"; };
		E863C7562525A58C0007AE4C /* InstagramUITests.xctest */ = {isa = PBXFileReference; explicitFileType = wrapper.cfbundle; includeInIndex = 0; path = InstagramUITests.xctest; sourceTree = BUILT_PRODUCTS_DIR; };
		E863C75A2525A58C0007AE4C /* InstagramUITests.swift */ = {isa = PBXFileReference; lastKnownFileType = sourcecode.swift; path = InstagramUITests.swift; sourceTree = "<group>"; };
		E863C75C2525A58C0007AE4C /* Info.plist */ = {isa = PBXFileReference; lastKnownFileType = text.plist.xml; path = Info.plist; sourceTree = "<group>"; };
/* End PBXFileReference section */

/* Begin PBXFrameworksBuildPhase section */
		E863C7322525A5870007AE4C /* Frameworks */ = {
			isa = PBXFrameworksBuildPhase;
			buildActionMask = 2147483647;
			files = (
			);
			runOnlyForDeploymentPostprocessing = 0;
		};
		E863C7482525A58C0007AE4C /* Frameworks */ = {
			isa = PBXFrameworksBuildPhase;
			buildActionMask = 2147483647;
			files = (
			);
			runOnlyForDeploymentPostprocessing = 0;
		};
		E863C7532525A58C0007AE4C /* Frameworks */ = {
			isa = PBXFrameworksBuildPhase;
			buildActionMask = 2147483647;
			files = (
			);
			runOnlyForDeploymentPostprocessing = 0;
		};
/* End PBXFrameworksBuildPhase section */

/* Begin PBXGroup section */
		E863C72C2525A5870007AE4C = {
			isa = PBXGroup;
			children = (
				E863C7372525A5870007AE4C /* Instagram */,
				E863C74E2525A58C0007AE4C /* InstagramTests */,
				E863C7592525A58C0007AE4C /* InstagramUITests */,
				E863C7362525A5870007AE4C /* Products */,
			);
			sourceTree = "<group>";
		};
		E863C7362525A5870007AE4C /* Products */ = {
			isa = PBXGroup;
			children = (
				E863C7352525A5870007AE4C /* Instagram.app */,
				E863C74B2525A58C0007AE4C /* InstagramTests.xctest */,
				E863C7562525A58C0007AE4C /* InstagramUITests.xctest */,
			);
			name = Products;
			sourceTree = "<group>";
		};
		E863C7372525A5870007AE4C /* Instagram */ = {
			isa = PBXGroup;
			children = (
				E863C7382525A5870007AE4C /* AppDelegate.swift */,
				E863C73A2525A5870007AE4C /* SceneDelegate.swift */,
				E863C73C2525A5870007AE4C /* ViewController.swift */,
				E863C73E2525A5870007AE4C /* Main.storyboard */,
				E863C7412525A58C0007AE4C /* Assets.xcassets */,
				E863C7432525A58C0007AE4C /* LaunchScreen.storyboard */,
				E863C7462525A58C0007AE4C /* Info.plist */,
			);
			path = Instagram;
			sourceTree = "<group>";
		};
		E863C74E2525A58C0007AE4C /* InstagramTests */ = {
			isa = PBXGroup;
			children = (
				E863C74F2525A58C0007AE4C /* InstagramTests.swift */,
				E863C7512525A58C0007AE4C /* Info.plist */,
			);
			path = InstagramTests;
			sourceTree = "<group>";
		};
		E863C7592525A58C0007AE4C /* InstagramUITests */ = {
			isa = PBXGroup;
			children = (
				E863C75A2525A58C0007AE4C /* InstagramUITests.swift */,
				E863C75C2525A58C0007AE4C /* Info.plist */,
			);
			path = InstagramUITests;
			sourceTree = "<group>";
		};
/* End PBXGroup section */

/* Begin PBXNativeTarget section */
		E863C7342525A5870007AE4C /* Instagram */ = {
			isa = PBXNativeTarget;
			buildConfigurationList = E863C75F2525A58C0007AE4C /* Build configuration list for PBXNativeTarget "Instagram" */;
			buildPhases = (
				E863C7312525A5870007AE4C /* Sources */,
				E863C7322525A5870007AE4C /* Frameworks */,
				E863C7332525A5870007AE4C /* Resources */,
			);
			buildRules = (
			);
			dependencies = (
			);
			name = Instagram;
			productName = Instagram;
			productReference = E863C7352525A5870007AE4C /* Instagram.app */;
			productType = "com.apple.product-type.application";
		};
		E863C74A2525A58C0007AE4C /* InstagramTests */ = {
			isa = PBXNativeTarget;
			buildConfigurationList = E863C7622525A58C0007AE4C /* Build configuration list for PBXNativeTarget "InstagramTests" */;
			buildPhases = (
				E863C7472525A58C0007AE4C /* Sources */,
				E863C7482525A58C0007AE4C /* Frameworks */,
				E863C7492525A58C0007AE4C /* Resources */,
			);
			buildRules = (
			);
			dependencies = (
				E863C74D2525A58C0007AE4C /* PBXTargetDependency */,
			);
			name = InstagramTests;
			productName = InstagramTests;
			productReference = E863C74B2525A58C0007AE4C /* InstagramTests.xctest */;
			productType = "com.apple.product-type.bundle.unit-test";
		};
		E863C7552525A58C0007AE4C /* InstagramUITests */ = {
			isa = PBXNativeTarget;
			buildConfigurationList = E863C7652525A58C0007AE4C /* Build configuration list for PBXNativeTarget "InstagramUITests" */;
			buildPhases = (
				E863C7522525A58C0007AE4C /* Sources */,
				E863C7532525A58C0007AE4C /* Frameworks */,
				E863C7542525A58C0007AE4C /* Resources */,
			);
			buildRules = (
			);
			dependencies = (
				E863C7582525A58C0007AE4C /* PBXTargetDependency */,
			);
			name = InstagramUITests;
			productName = InstagramUITests;
			productReference = E863C7562525A58C0007AE4C /* InstagramUITests.xctest */;
			productType = "com.apple.product-type.bundle.ui-testing";
		};
/* End PBXNativeTarget section */

/* Begin PBXProject section */
		E863C72D2525A5870007AE4C /* Project object */ = {
			isa = PBXProject;
			attributes = {
				LastSwiftUpdateCheck = 1150;
				LastUpgradeCheck = 1150;
				ORGANIZATIONNAME = "Tanay Agrawwal";
				TargetAttributes = {
					E863C7342525A5870007AE4C = {
						CreatedOnToolsVersion = 11.5;
					};
					E863C74A2525A58C0007AE4C = {
						CreatedOnToolsVersion = 11.5;
						TestTargetID = E863C7342525A5870007AE4C;
					};
					E863C7552525A58C0007AE4C = {
						CreatedOnToolsVersion = 11.5;
						TestTargetID = E863C7342525A5870007AE4C;
					};
				};
			};
			buildConfigurationList = E863C7302525A5870007AE4C /* Build configuration list for PBXProject "Instagram" */;
			compatibilityVersion = "Xcode 9.3";
			developmentRegion = en;
			hasScannedForEncodings = 0;
			knownRegions = (
				en,
				Base,
			);
			mainGroup = E863C72C2525A5870007AE4C;
			productRefGroup = E863C7362525A5870007AE4C /* Products */;
			projectDirPath = "";
			projectRoot = "";
			targets = (
				E863C7342525A5870007AE4C /* Instagram */,
				E863C74A2525A58C0007AE4C /* InstagramTests */,
				E863C7552525A58C0007AE4C /* InstagramUITests */,
			);
		};
/* End PBXProject section */

/* Begin PBXResourcesBuildPhase section */
		E863C7332525A5870007AE4C /* Resources */ = {
			isa = PBXResourcesBuildPhase;
			buildActionMask = 2147483647;
			files = (
				E863C7452525A58C0007AE4C /* LaunchScreen.storyboard in Resources */,
				E863C7422525A58C0007AE4C /* Assets.xcassets in Resources */,
				E863C7402525A5870007AE4C /* Main.storyboard in Resources */,
			);
			runOnlyForDeploymentPostprocessing = 0;
		};
		E863C7492525A58C0007AE4C /* Resources */ = {
			isa = PBXResourcesBuildPhase;
			buildActionMask = 2147483647;
			files = (
			);
			runOnlyForDeploymentPostprocessing = 0;
		};
		E863C7542525A58C0007AE4C /* Resources */ = {
			isa = PBXResourcesBuildPhase;
			buildActionMask = 2147483647;
			files = (
			);
			runOnlyForDeploymentPostprocessing = 0;
		};
/* End PBXResourcesBuildPhase section */

/* Begin PBXSourcesBuildPhase section */
		E863C7312525A5870007AE4C /* Sources */ = {
			isa = PBXSourcesBuildPhase;
			buildActionMask = 2147483647;
			files = (
				E863C73D2525A5870007AE4C /* ViewController.swift in Sources */,
				E863C7392525A5870007AE4C /* AppDelegate.swift in Sources */,
				E863C73B2525A5870007AE4C /* SceneDelegate.swift in Sources */,
			);
			runOnlyForDeploymentPostprocessing = 0;
		};
		E863C7472525A58C0007AE4C /* Sources */ = {
			isa = PBXSourcesBuildPhase;
			buildActionMask = 2147483647;
			files = (
				E863C7502525A58C0007AE4C /* InstagramTests.swift in Sources */,
			);
			runOnlyForDeploymentPostprocessing = 0;
		};
		E863C7522525A58C0007AE4C /* Sources */ = {
			isa = PBXSourcesBuildPhase;
			buildActionMask = 2147483647;
			files = (
				E863C75B2525A58C0007AE4C /* InstagramUITests.swift in Sources */,
			);
			runOnlyForDeploymentPostprocessing = 0;
		};
/* End PBXSourcesBuildPhase section */

/* Begin PBXTargetDependency section */
		E863C74D2525A58C0007AE4C /* PBXTargetDependency */ = {
			isa = PBXTargetDependency;
			target = E863C7342525A5870007AE4C /* Instagram */;
			targetProxy = E863C74C2525A58C0007AE4C /* PBXContainerItemProxy */;
		};
		E863C7582525A58C0007AE4C /* PBXTargetDependency */ = {
			isa = PBXTargetDependency;
			target = E863C7342525A5870007AE4C /* Instagram */;
			targetProxy = E863C7572525A58C0007AE4C /* PBXContainerItemProxy */;
		};
/* End PBXTargetDependency section */

/* Begin PBXVariantGroup section */
		E863C73E2525A5870007AE4C /* Main.storyboard */ = {
			isa = PBXVariantGroup;
			children = (
				E863C73F2525A5870007AE4C /* Base */,
			);
			name = Main.storyboard;
			sourceTree = "<group>";
		};
		E863C7432525A58C0007AE4C /* LaunchScreen.storyboard */ = {
			isa = PBXVariantGroup;
			children = (
				E863C7442525A58C0007AE4C /* Base */,
			);
			name = LaunchScreen.storyboard;
			sourceTree = "<group>";
		};
/* End PBXVariantGroup section */

/* Begin XCBuildConfiguration section */
		E863C75D2525A58C0007AE4C /* Debug */ = {
			isa = XCBuildConfiguration;
			buildSettings = {
				ALWAYS_SEARCH_USER_PATHS = NO;
				CLANG_ANALYZER_NONNULL = YES;
				CLANG_ANALYZER_NUMBER_OBJECT_CONVERSION = YES_AGGRESSIVE;
				CLANG_CXX_LANGUAGE_STANDARD = "gnu++14";
				CLANG_CXX_LIBRARY = "libc++";
				CLANG_ENABLE_MODULES = YES;
				CLANG_ENABLE_OBJC_ARC = YES;
				CLANG_ENABLE_OBJC_WEAK = YES;
				CLANG_WARN_BLOCK_CAPTURE_AUTORELEASING = YES;
				CLANG_WARN_BOOL_CONVERSION = YES;
				CLANG_WARN_COMMA = YES;
				CLANG_WARN_CONSTANT_CONVERSION = YES;
				CLANG_WARN_DEPRECATED_OBJC_IMPLEMENTATIONS = YES;
				CLANG_WARN_DIRECT_OBJC_ISA_USAGE = YES_ERROR;
				CLANG_WARN_DOCUMENTATION_COMMENTS = YES;
				CLANG_WARN_EMPTY_BODY = YES;
				CLANG_WARN_ENUM_CONVERSION = YES;
				CLANG_WARN_INFINITE_RECURSION = YES;
				CLANG_WARN_INT_CONVERSION = YES;
				CLANG_WARN_NON_LITERAL_NULL_CONVERSION = YES;
				CLANG_WARN_OBJC_IMPLICIT_RETAIN_SELF = YES;
				CLANG_WARN_OBJC_LITERAL_CONVERSION = YES;
				CLANG_WARN_OBJC_ROOT_CLASS = YES_ERROR;
				CLANG_WARN_RANGE_LOOP_ANALYSIS = YES;
				CLANG_WARN_STRICT_PROTOTYPES = YES;
				CLANG_WARN_SUSPICIOUS_MOVE = YES;
				CLANG_WARN_UNGUARDED_AVAILABILITY = YES_AGGRESSIVE;
				CLANG_WARN_UNREACHABLE_CODE = YES;
				CLANG_WARN__DUPLICATE_METHOD_MATCH = YES;
				COPY_PHASE_STRIP = NO;
				DEBUG_INFORMATION_FORMAT = dwarf;
				ENABLE_STRICT_OBJC_MSGSEND = YES;
				ENABLE_TESTABILITY = YES;
				GCC_C_LANGUAGE_STANDARD = gnu11;
				GCC_DYNAMIC_NO_PIC = NO;
				GCC_NO_COMMON_BLOCKS = YES;
				GCC_OPTIMIZATION_LEVEL = 0;
				GCC_PREPROCESSOR_DEFINITIONS = (
					"DEBUG=1",
					"$(inherited)",
				);
				GCC_WARN_64_TO_32_BIT_CONVERSION = YES;
				GCC_WARN_ABOUT_RETURN_TYPE = YES_ERROR;
				GCC_WARN_UNDECLARED_SELECTOR = YES;
				GCC_WARN_UNINITIALIZED_AUTOS = YES_AGGRESSIVE;
				GCC_WARN_UNUSED_FUNCTION = YES;
				GCC_WARN_UNUSED_VARIABLE = YES;
				IPHONEOS_DEPLOYMENT_TARGET = 13.5;
				MTL_ENABLE_DEBUG_INFO = INCLUDE_SOURCE;
				MTL_FAST_MATH = YES;
				ONLY_ACTIVE_ARCH = YES;
				SDKROOT = iphoneos;
				SWIFT_ACTIVE_COMPILATION_CONDITIONS = DEBUG;
				SWIFT_OPTIMIZATION_LEVEL = "-Onone";
			};
			name = Debug;
		};
		E863C75E2525A58C0007AE4C /* Release */ = {
			isa = XCBuildConfiguration;
			buildSettings = {
				ALWAYS_SEARCH_USER_PATHS = NO;
				CLANG_ANALYZER_NONNULL = YES;
				CLANG_ANALYZER_NUMBER_OBJECT_CONVERSION = YES_AGGRESSIVE;
				CLANG_CXX_LANGUAGE_STANDARD = "gnu++14";
				CLANG_CXX_LIBRARY = "libc++";
				CLANG_ENABLE_MODULES = YES;
				CLANG_ENABLE_OBJC_ARC = YES;
				CLANG_ENABLE_OBJC_WEAK = YES;
				CLANG_WARN_BLOCK_CAPTURE_AUTORELEASING = YES;
				CLANG_WARN_BOOL_CONVERSION = YES;
				CLANG_WARN_COMMA = YES;
				CLANG_WARN_CONSTANT_CONVERSION = YES;
				CLANG_WARN_DEPRECATED_OBJC_IMPLEMENTATIONS = YES;
				CLANG_WARN_DIRECT_OBJC_ISA_USAGE = YES_ERROR;
				CLANG_WARN_DOCUMENTATION_COMMENTS = YES;
				CLANG_WARN_EMPTY_BODY = YES;
				CLANG_WARN_ENUM_CONVERSION = YES;
				CLANG_WARN_INFINITE_RECURSION = YES;
				CLANG_WARN_INT_CONVERSION = YES;
				CLANG_WARN_NON_LITERAL_NULL_CONVERSION = YES;
				CLANG_WARN_OBJC_IMPLICIT_RETAIN_SELF = YES;
				CLANG_WARN_OBJC_LITERAL_CONVERSION = YES;
				CLANG_WARN_OBJC_ROOT_CLASS = YES_ERROR;
				CLANG_WARN_RANGE_LOOP_ANALYSIS = YES;
				CLANG_WARN_STRICT_PROTOTYPES = YES;
				CLANG_WARN_SUSPICIOUS_MOVE = YES;
				CLANG_WARN_UNGUARDED_AVAILABILITY = YES_AGGRESSIVE;
				CLANG_WARN_UNREACHABLE_CODE = YES;
				CLANG_WARN__DUPLICATE_METHOD_MATCH = YES;
				COPY_PHASE_STRIP = NO;
				DEBUG_INFORMATION_FORMAT = "dwarf-with-dsym";
				ENABLE_NS_ASSERTIONS = NO;
				ENABLE_STRICT_OBJC_MSGSEND = YES;
				GCC_C_LANGUAGE_STANDARD = gnu11;
				GCC_NO_COMMON_BLOCKS = YES;
				GCC_WARN_64_TO_32_BIT_CONVERSION = YES;
				GCC_WARN_ABOUT_RETURN_TYPE = YES_ERROR;
				GCC_WARN_UNDECLARED_SELECTOR = YES;
				GCC_WARN_UNINITIALIZED_AUTOS = YES_AGGRESSIVE;
				GCC_WARN_UNUSED_FUNCTION = YES;
				GCC_WARN_UNUSED_VARIABLE = YES;
				IPHONEOS_DEPLOYMENT_TARGET = 13.5;
				MTL_ENABLE_DEBUG_INFO = NO;
				MTL_FAST_MATH = YES;
				SDKROOT = iphoneos;
				SWIFT_COMPILATION_MODE = wholemodule;
				SWIFT_OPTIMIZATION_LEVEL = "-O";
				VALIDATE_PRODUCT = YES;
			};
			name = Release;
		};
		E863C7602525A58C0007AE4C /* Debug */ = {
			isa = XCBuildConfiguration;
			buildSettings = {
				ASSETCATALOG_COMPILER_APPICON_NAME = AppIcon;
				CODE_SIGN_STYLE = Automatic;
				DEVELOPMENT_TEAM = XU2DDM3KNS;
				INFOPLIST_FILE = Instagram/Info.plist;
				LD_RUNPATH_SEARCH_PATHS = (
					"$(inherited)",
					"@executable_path/Frameworks",
				);
				PRODUCT_BUNDLE_IDENTIFIER = com.TA.Instagram;
				PRODUCT_NAME = "$(TARGET_NAME)";
				SWIFT_VERSION = 5.0;
				TARGETED_DEVICE_FAMILY = "1,2";
			};
			name = Debug;
		};
		E863C7612525A58C0007AE4C /* Release */ = {
			isa = XCBuildConfiguration;
			buildSettings = {
				ASSETCATALOG_COMPILER_APPICON_NAME = AppIcon;
				CODE_SIGN_STYLE = Automatic;
				DEVELOPMENT_TEAM = XU2DDM3KNS;
				INFOPLIST_FILE = Instagram/Info.plist;
				LD_RUNPATH_SEARCH_PATHS = (
					"$(inherited)",
					"@executable_path/Frameworks",
				);
				PRODUCT_BUNDLE_IDENTIFIER = com.TA.Instagram;
				PRODUCT_NAME = "$(TARGET_NAME)";
				SWIFT_VERSION = 5.0;
				TARGETED_DEVICE_FAMILY = "1,2";
			};
			name = Release;
		};
		E863C7632525A58C0007AE4C /* Debug */ = {
			isa = XCBuildConfiguration;
			buildSettings = {
				ALWAYS_EMBED_SWIFT_STANDARD_LIBRARIES = YES;
				BUNDLE_LOADER = "$(TEST_HOST)";
				CODE_SIGN_STYLE = Automatic;
				DEVELOPMENT_TEAM = XU2DDM3KNS;
				INFOPLIST_FILE = InstagramTests/Info.plist;
				IPHONEOS_DEPLOYMENT_TARGET = 13.5;
				LD_RUNPATH_SEARCH_PATHS = (
					"$(inherited)",
					"@executable_path/Frameworks",
					"@loader_path/Frameworks",
				);
				PRODUCT_BUNDLE_IDENTIFIER = com.TA.InstagramTests;
				PRODUCT_NAME = "$(TARGET_NAME)";
				SWIFT_VERSION = 5.0;
				TARGETED_DEVICE_FAMILY = "1,2";
				TEST_HOST = "$(BUILT_PRODUCTS_DIR)/Instagram.app/Instagram";
			};
			name = Debug;
		};
		E863C7642525A58C0007AE4C /* Release */ = {
			isa = XCBuildConfiguration;
			buildSettings = {
				ALWAYS_EMBED_SWIFT_STANDARD_LIBRARIES = YES;
				BUNDLE_LOADER = "$(TEST_HOST)";
				CODE_SIGN_STYLE = Automatic;
				DEVELOPMENT_TEAM = XU2DDM3KNS;
				INFOPLIST_FILE = InstagramTests/Info.plist;
				IPHONEOS_DEPLOYMENT_TARGET = 13.5;
				LD_RUNPATH_SEARCH_PATHS = (
					"$(inherited)",
					"@executable_path/Frameworks",
					"@loader_path/Frameworks",
				);
				PRODUCT_BUNDLE_IDENTIFIER = com.TA.InstagramTests;
				PRODUCT_NAME = "$(TARGET_NAME)";
				SWIFT_VERSION = 5.0;
				TARGETED_DEVICE_FAMILY = "1,2";
				TEST_HOST = "$(BUILT_PRODUCTS_DIR)/Instagram.app/Instagram";
			};
			name = Release;
		};
		E863C7662525A58C0007AE4C /* Debug */ = {
			isa = XCBuildConfiguration;
			buildSettings = {
				ALWAYS_EMBED_SWIFT_STANDARD_LIBRARIES = YES;
				CODE_SIGN_STYLE = Automatic;
				DEVELOPMENT_TEAM = XU2DDM3KNS;
				INFOPLIST_FILE = InstagramUITests/Info.plist;
				LD_RUNPATH_SEARCH_PATHS = (
					"$(inherited)",
					"@executable_path/Frameworks",
					"@loader_path/Frameworks",
				);
				PRODUCT_BUNDLE_IDENTIFIER = com.TA.InstagramUITests;
				PRODUCT_NAME = "$(TARGET_NAME)";
				SWIFT_VERSION = 5.0;
				TARGETED_DEVICE_FAMILY = "1,2";
				TEST_TARGET_NAME = Instagram;
			};
			name = Debug;
		};
		E863C7672525A58C0007AE4C /* Release */ = {
			isa = XCBuildConfiguration;
			buildSettings = {
				ALWAYS_EMBED_SWIFT_STANDARD_LIBRARIES = YES;
				CODE_SIGN_STYLE = Automatic;
				DEVELOPMENT_TEAM = XU2DDM3KNS;
				INFOPLIST_FILE = InstagramUITests/Info.plist;
				LD_RUNPATH_SEARCH_PATHS = (
					"$(inherited)",
					"@executable_path/Frameworks",
					"@loader_path/Frameworks",
				);
				PRODUCT_BUNDLE_IDENTIFIER = com.TA.InstagramUITests;
				PRODUCT_NAME = "$(TARGET_NAME)";
				SWIFT_VERSION = 5.0;
				TARGETED_DEVICE_FAMILY = "1,2";
				TEST_TARGET_NAME = Instagram;
			};
			name = Release;
		};
/* End XCBuildConfiguration section */

/* Begin XCConfigurationList section */
		E863C7302525A5870007AE4C /* Build configuration list for PBXProject "Instagram" */ = {
			isa = XCConfigurationList;
			buildConfigurations = (
				E863C75D2525A58C0007AE4C /* Debug */,
				E863C75E2525A58C0007AE4C /* Release */,
			);
			defaultConfigurationIsVisible = 0;
			defaultConfigurationName = Release;
		};
		E863C75F2525A58C0007AE4C /* Build configuration list for PBXNativeTarget "Instagram" */ = {
			isa = XCConfigurationList;
			buildConfigurations = (
				E863C7602525A58C0007AE4C /* Debug */,
				E863C7612525A58C0007AE4C /* Release */,
			);
			defaultConfigurationIsVisible = 0;
			defaultConfigurationName = Release;
		};
		E863C7622525A58C0007AE4C /* Build configuration list for PBXNativeTarget "InstagramTests" */ = {
			isa = XCConfigurationList;
			buildConfigurations = (
				E863C7632525A58C0007AE4C /* Debug */,
				E863C7642525A58C0007AE4C /* Release */,
			);
			defaultConfigurationIsVisible = 0;
			defaultConfigurationName = Release;
		};
		E863C7652525A58C0007AE4C /* Build configuration list for PBXNativeTarget "InstagramUITests" */ = {
			isa = XCConfigurationList;
			buildConfigurations = (
				E863C7662525A58C0007AE4C /* Debug */,
				E863C7672525A58C0007AE4C /* Release */,
			);
			defaultConfigurationIsVisible = 0;
			defaultConfigurationName = Release;
		};
/* End XCConfigurationList section */
	};
	rootObject = E863C72D2525A5870007AE4C /* Project object */;
}
